
Microsoft Visual Studio Solution File, Format Version 12.00
# Visual Studio Version 16
VisualStudioVersion = 16.0.31112.23
MinimumVisualStudioVersion = 10.0.40219.1
Project("{FAE04EC0-301F-11D3-BF4B-00C04F79EFBC}") = "MDKAReservasi", "MDKAReservasi.csproj", "{9FF3DCB1-D1BC-4012-92FE-F58C9B472F4B}"
EndProject
Global
	GlobalSection(SolutionConfigurationPlatforms) = preSolution
		Debug|Any CPU = Debug|Any CPU
		Release|Any CPU = Release|Any CPU
	EndGlobalSection
	GlobalSection(ProjectConfigurationPlatforms) = postSolution
		{9FF3DCB1-D1BC-4012-92FE-F58C9B472F4B}.Debug|Any CPU.ActiveCfg = Debug|Any CPU
		{9FF3DCB1-D1BC-4012-92FE-F58C9B472F4B}.Debug|Any CPU.Build.0 = Debug|Any CPU
		{9FF3DCB1-D1BC-4012-92FE-F58C9B472F4B}.Release|Any CPU.ActiveCfg = Release|Any CPU
		{9FF3DCB1-D1BC-4012-92FE-F58C9B472F4B}.Release|Any CPU.Build.0 = Release|Any CPU
	EndGlobalSection
	GlobalSection(SolutionProperties) = preSolution
		HideSolutionNode = FALSE
	EndGlobalSection
	GlobalSection(ExtensibilityGlobals) = postSolution
		SolutionGuid = {B2CFBEA4-69E1-430B-97F1-932C53D64CB3}
	EndGlobalSection
EndGlobal
